
Microsoft Visual Studio Solution File, Format Version 12.00
# Visual Studio Version 16
VisualStudioVersion = 16.0.28803.352
MinimumVisualStudioVersion = 10.0.40219.1
Project("{FAE04EC0-301F-11D3-BF4B-00C04F79EFBC}") = "FTT_travel", "FTT_travel\FTT_travel.csproj", "{0302746B-DB47-449A-B678-E90ABBDF7273}"
EndProject
Global
	GlobalSection(SolutionConfigurationPlatforms) = preSolution
		Debug|Any CPU = Debug|Any CPU
		Debug|x86 = Debug|x86
		Release|Any CPU = Release|Any CPU
		Release|x86 = Release|x86
	EndGlobalSection
	GlobalSection(ProjectConfigurationPlatforms) = postSolution
		{0302746B-DB47-449A-B678-E90ABBDF7273}.Debug|Any CPU.ActiveCfg = Debug|Any CPU
		{0302746B-DB47-449A-B678-E90ABBDF7273}.Debug|Any CPU.Build.0 = Debug|Any CPU
		{0302746B-DB47-449A-B678-E90ABBDF7273}.Debug|x86.ActiveCfg = Debug|Any CPU
		{0302746B-DB47-449A-B678-E90ABBDF7273}.Debug|x86.Build.0 = Debug|Any CPU
		{0302746B-DB47-449A-B678-E90ABBDF7273}.Release|Any CPU.ActiveCfg = Release|Any CPU
		{0302746B-DB47-449A-B678-E90ABBDF7273}.Release|Any CPU.Build.0 = Release|Any CPU
		{0302746B-DB47-449A-B678-E90ABBDF7273}.Release|x86.ActiveCfg = Release|x86
		{0302746B-DB47-449A-B678-E90ABBDF7273}.Release|x86.Build.0 = Release|x86
	EndGlobalSection
	GlobalSection(SolutionProperties) = preSolution
		HideSolutionNode = FALSE
	EndGlobalSection
	GlobalSection(ExtensibilityGlobals) = postSolution
		SolutionGuid = {81620777-D672-43E3-83F1-1BDF003786E0}
	EndGlobalSection
EndGlobal
